// !$*UTF8*$!
{
	archiveVersion = 1;
	classes = {
	};
	objectVersion = 50;
	objects = {

/* Begin PBXBuildFile section */
		04633C782597AC91006ACF5B /* AppDelegate.swift in Sources */ = {isa = PBXBuildFile; fileRef = 04633C772597AC91006ACF5B /* AppDelegate.swift */; };
		04633C7A2597AC91006ACF5B /* SceneDelegate.swift in Sources */ = {isa = PBXBuildFile; fileRef = 04633C792597AC91006ACF5B /* SceneDelegate.swift */; };
		04633C7C2597AC91006ACF5B /* ViewController.swift in Sources */ = {isa = PBXBuildFile; fileRef = 04633C7B2597AC91006ACF5B /* ViewController.swift */; };
		04633C7F2597AC91006ACF5B /* Main.storyboard in Resources */ = {isa = PBXBuildFile; fileRef = 04633C7D2597AC91006ACF5B /* Main.storyboard */; };
		04633C812597AC92006ACF5B /* Assets.xcassets in Resources */ = {isa = PBXBuildFile; fileRef = 04633C802597AC92006ACF5B /* Assets.xcassets */; };
		04633C842597AC92006ACF5B /* LaunchScreen.storyboard in Resources */ = {isa = PBXBuildFile; fileRef = 04633C822597AC92006ACF5B /* LaunchScreen.storyboard */; };
		04633C8F2597C155006ACF5B /* User.swift in Sources */ = {isa = PBXBuildFile; fileRef = 04633C8E2597C155006ACF5B /* User.swift */; };
		04633C922597C1AD006ACF5B /* Game.swift in Sources */ = {isa = PBXBuildFile; fileRef = 04633C912597C1AD006ACF5B /* Game.swift */; };
		04633C9A2597DF45006ACF5B /* UsersTableViewController.swift in Sources */ = {isa = PBXBuildFile; fileRef = 04633C992597DF45006ACF5B /* UsersTableViewController.swift */; };
		04ADD1192597F9C9009442A5 /* AddGamesViewController.swift in Sources */ = {isa = PBXBuildFile; fileRef = 04ADD1172597F9C9009442A5 /* AddGamesViewController.swift */; };
		04ADD11A2597F9C9009442A5 /* AddGamesViewController.xib in Resources */ = {isa = PBXBuildFile; fileRef = 04ADD1182597F9C9009442A5 /* AddGamesViewController.xib */; };
/* End PBXBuildFile section */

/* Begin PBXFileReference section */
		04633C742597AC91006ACF5B /* App Test.app */ = {isa = PBXFileReference; explicitFileType = wrapper.application; includeInIndex = 0; path = "App Test.app"; sourceTree = BUILT_PRODUCTS_DIR; };
		04633C772597AC91006ACF5B /* AppDelegate.swift */ = {isa = PBXFileReference; lastKnownFileType = sourcecode.swift; path = AppDelegate.swift; sourceTree = "<group>"; };
		04633C792597AC91006ACF5B /* SceneDelegate.swift */ = {isa = PBXFileReference; lastKnownFileType = sourcecode.swift; path = SceneDelegate.swift; sourceTree = "<group>"; };
		04633C7B2597AC91006ACF5B /* ViewController.swift */ = {isa = PBXFileReference; lastKnownFileType = sourcecode.swift; path = ViewController.swift; sourceTree = "<group>"; };
		04633C7E2597AC91006ACF5B /* Base */ = {isa = PBXFileReference; lastKnownFileType = file.storyboard; name = Base; path = Base.lproj/Main.storyboard; sourceTree = "<group>"; };
		04633C802597AC92006ACF5B /* Assets.xcassets */ = {isa = PBXFileReference; lastKnownFileType = folder.assetcatalog; path = Assets.xcassets; sourceTree = "<group>"; };
		04633C832597AC92006ACF5B /* Base */ = {isa = PBXFileReference; lastKnownFileType = file.storyboard; name = Base; path = Base.lproj/LaunchScreen.storyboard; sourceTree = "<group>"; };
		04633C852597AC92006ACF5B /* Info.plist */ = {isa = PBXFileReference; lastKnownFileType = text.plist.xml; path = Info.plist; sourceTree = "<group>"; };
		04633C8C2597ACDE006ACF5B /* MyPlayground.playground */ = {isa = PBXFileReference; lastKnownFileType = file.playground; path = MyPlayground.playground; sourceTree = "<group>"; xcLanguageSpecificationIdentifier = xcode.lang.swift; };
		04633C8E2597C155006ACF5B /* User.swift */ = {isa = PBXFileReference; lastKnownFileType = sourcecode.swift; path = User.swift; sourceTree = "<group>"; };
		04633C912597C1AD006ACF5B /* Game.swift */ = {isa = PBXFileReference; lastKnownFileType = sourcecode.swift; path = Game.swift; sourceTree = "<group>"; };
		04633C992597DF45006ACF5B /* UsersTableViewController.swift */ = {isa = PBXFileReference; lastKnownFileType = sourcecode.swift; path = UsersTableViewController.swift; sourceTree = "<group>"; };
		04ADD1172597F9C9009442A5 /* AddGamesViewController.swift */ = {isa = PBXFileReference; lastKnownFileType = sourcecode.swift; path = AddGamesViewController.swift; sourceTree = "<group>"; };
		04ADD1182597F9C9009442A5 /* AddGamesViewController.xib */ = {isa = PBXFileReference; lastKnownFileType = file.xib; path = AddGamesViewController.xib; sourceTree = "<group>"; };
/* End PBXFileReference section */

/* Begin PBXFrameworksBuildPhase section */
		04633C712597AC91006ACF5B /* Frameworks */ = {
			isa = PBXFrameworksBuildPhase;
			buildActionMask = 2147483647;
			files = (
			);
			runOnlyForDeploymentPostprocessing = 0;
		};
/* End PBXFrameworksBuildPhase section */

/* Begin PBXGroup section */
		04633C6B2597AC91006ACF5B = {
			isa = PBXGroup;
			children = (
				04633C762597AC91006ACF5B /* App Test */,
				04633C752597AC91006ACF5B /* Products */,
			);
			sourceTree = "<group>";
		};
		04633C752597AC91006ACF5B /* Products */ = {
			isa = PBXGroup;
			children = (
				04633C742597AC91006ACF5B /* App Test.app */,
			);
			name = Products;
			sourceTree = "<group>";
		};
		04633C762597AC91006ACF5B /* App Test */ = {
			isa = PBXGroup;
			children = (
				04633C942597C219006ACF5B /* Models */,
				04633C962597C24F006ACF5B /* Views */,
				04633C952597C234006ACF5B /* Controllers */,
				04633C772597AC91006ACF5B /* AppDelegate.swift */,
				04633C792597AC91006ACF5B /* SceneDelegate.swift */,
				04633C802597AC92006ACF5B /* Assets.xcassets */,
				04633C822597AC92006ACF5B /* LaunchScreen.storyboard */,
				04633C852597AC92006ACF5B /* Info.plist */,
				04633C8C2597ACDE006ACF5B /* MyPlayground.playground */,
			);
			path = "App Test";
			sourceTree = "<group>";
		};
		04633C942597C219006ACF5B /* Models */ = {
			isa = PBXGroup;
			children = (
				04633C8E2597C155006ACF5B /* User.swift */,
				04633C912597C1AD006ACF5B /* Game.swift */,
			);
			path = Models;
			sourceTree = "<group>";
		};
		04633C952597C234006ACF5B /* Controllers */ = {
			isa = PBXGroup;
			children = (
				04633C7B2597AC91006ACF5B /* ViewController.swift */,
				04633C992597DF45006ACF5B /* UsersTableViewController.swift */,
				04ADD1172597F9C9009442A5 /* AddGamesViewController.swift */,
			);
			path = Controllers;
			sourceTree = "<group>";
		};
		04633C962597C24F006ACF5B /* Views */ = {
			isa = PBXGroup;
			children = (
				04633C7D2597AC91006ACF5B /* Main.storyboard */,
				04ADD1182597F9C9009442A5 /* AddGamesViewController.xib */,
			);
			path = Views;
			sourceTree = "<group>";
		};
/* End PBXGroup section */

/* Begin PBXNativeTarget section */
		04633C732597AC91006ACF5B /* App Test */ = {
			isa = PBXNativeTarget;
			buildConfigurationList = 04633C882597AC92006ACF5B /* Build configuration list for PBXNativeTarget "App Test" */;
			buildPhases = (
				04633C702597AC91006ACF5B /* Sources */,
				04633C712597AC91006ACF5B /* Frameworks */,
				04633C722597AC91006ACF5B /* Resources */,
			);
			buildRules = (
			);
			dependencies = (
			);
			name = "App Test";
			productName = "App Test";
			productReference = 04633C742597AC91006ACF5B /* App Test.app */;
			productType = "com.apple.product-type.application";
		};
/* End PBXNativeTarget section */

/* Begin PBXProject section */
		04633C6C2597AC91006ACF5B /* Project object */ = {
			isa = PBXProject;
			attributes = {
				LastSwiftUpdateCheck = 1230;
				LastUpgradeCheck = 1230;
				TargetAttributes = {
					04633C732597AC91006ACF5B = {
						CreatedOnToolsVersion = 12.3;
					};
				};
			};
			buildConfigurationList = 04633C6F2597AC91006ACF5B /* Build configuration list for PBXProject "App Test" */;
			compatibilityVersion = "Xcode 9.3";
			developmentRegion = en;
			hasScannedForEncodings = 0;
			knownRegions = (
				en,
				Base,
			);
			mainGroup = 04633C6B2597AC91006ACF5B;
			productRefGroup = 04633C752597AC91006ACF5B /* Products */;
			projectDirPath = "";
			projectRoot = "";
			targets = (
				04633C732597AC91006ACF5B /* App Test */,
			);
		};
/* End PBXProject section */

/* Begin PBXResourcesBuildPhase section */
		04633C722597AC91006ACF5B /* Resources */ = {
			isa = PBXResourcesBuildPhase;
			buildActionMask = 2147483647;
			files = (
				04ADD11A2597F9C9009442A5 /* AddGamesViewController.xib in Resources */,
				04633C842597AC92006ACF5B /* LaunchScreen.storyboard in Resources */,
				04633C812597AC92006ACF5B /* Assets.xcassets in Resources */,
				04633C7F2597AC91006ACF5B /* Main.storyboard in Resources */,
			);
			runOnlyForDeploymentPostprocessing = 0;
		};
/* End PBXResourcesBuildPhase section */

/* Begin PBXSourcesBuildPhase section */
		04633C702597AC91006ACF5B /* Sources */ = {
			isa = PBXSourcesBuildPhase;
			buildActionMask = 2147483647;
			files = (
				04633C8F2597C155006ACF5B /* User.swift in Sources */,
				04633C922597C1AD006ACF5B /* Game.swift in Sources */,
				04ADD1192597F9C9009442A5 /* AddGamesViewController.swift in Sources */,
				04633C9A2597DF45006ACF5B /* UsersTableViewController.swift in Sources */,
				04633C7C2597AC91006ACF5B /* ViewController.swift in Sources */,
				04633C782597AC91006ACF5B /* AppDelegate.swift in Sources */,
				04633C7A2597AC91006ACF5B /* SceneDelegate.swift in Sources */,
			);
			runOnlyForDeploymentPostprocessing = 0;
		};
/* End PBXSourcesBuildPhase section */

/* Begin PBXVariantGroup section */
		04633C7D2597AC91006ACF5B /* Main.storyboard */ = {
			isa = PBXVariantGroup;
			children = (
				04633C7E2597AC91006ACF5B /* Base */,
			);
			name = Main.storyboard;
			sourceTree = "<group>";
		};
		04633C822597AC92006ACF5B /* LaunchScreen.storyboard */ = {
			isa = PBXVariantGroup;
			children = (
				04633C832597AC92006ACF5B /* Base */,
			);
			name = LaunchScreen.storyboard;
			sourceTree = "<group>";
		};
/* End PBXVariantGroup section */

/* Begin XCBuildConfiguration section */
		04633C862597AC92006ACF5B /* Debug */ = {
			isa = XCBuildConfiguration;
			buildSettings = {
				ALWAYS_SEARCH_USER_PATHS = NO;
				CLANG_ANALYZER_NONNULL = YES;
				CLANG_ANALYZER_NUMBER_OBJECT_CONVERSION = YES_AGGRESSIVE;
				CLANG_CXX_LANGUAGE_STANDARD = "gnu++14";
				CLANG_CXX_LIBRARY = "libc++";
				CLANG_ENABLE_MODULES = YES;
				CLANG_ENABLE_OBJC_ARC = YES;
				CLANG_ENABLE_OBJC_WEAK = YES;
				CLANG_WARN_BLOCK_CAPTURE_AUTORELEASING = YES;
				CLANG_WARN_BOOL_CONVERSION = YES;
				CLANG_WARN_COMMA = YES;
				CLANG_WARN_CONSTANT_CONVERSION = YES;
				CLANG_WARN_DEPRECATED_OBJC_IMPLEMENTATIONS = YES;
				CLANG_WARN_DIRECT_OBJC_ISA_USAGE = YES_ERROR;
				CLANG_WARN_DOCUMENTATION_COMMENTS = YES;
				CLANG_WARN_EMPTY_BODY = YES;
				CLANG_WARN_ENUM_CONVERSION = YES;
				CLANG_WARN_INFINITE_RECURSION = YES;
				CLANG_WARN_INT_CONVERSION = YES;
				CLANG_WARN_NON_LITERAL_NULL_CONVERSION = YES;
				CLANG_WARN_OBJC_IMPLICIT_RETAIN_SELF = YES;
				CLANG_WARN_OBJC_LITERAL_CONVERSION = YES;
				CLANG_WARN_OBJC_ROOT_CLASS = YES_ERROR;
				CLANG_WARN_QUOTED_INCLUDE_IN_FRAMEWORK_HEADER = YES;
				CLANG_WARN_RANGE_LOOP_ANALYSIS = YES;
				CLANG_WARN_STRICT_PROTOTYPES = YES;
				CLANG_WARN_SUSPICIOUS_MOVE = YES;
				CLANG_WARN_UNGUARDED_AVAILABILITY = YES_AGGRESSIVE;
				CLANG_WARN_UNREACHABLE_CODE = YES;
				CLANG_WARN__DUPLICATE_METHOD_MATCH = YES;
				COPY_PHASE_STRIP = NO;
				DEBUG_INFORMATION_FORMAT = dwarf;
				ENABLE_STRICT_OBJC_MSGSEND = YES;
				ENABLE_TESTABILITY = YES;
				GCC_C_LANGUAGE_STANDARD = gnu11;
				GCC_DYNAMIC_NO_PIC = NO;
				GCC_NO_COMMON_BLOCKS = YES;
				GCC_OPTIMIZATION_LEVEL = 0;
				GCC_PREPROCESSOR_DEFINITIONS = (
					"DEBUG=1",
					"$(inherited)",
				);
				GCC_WARN_64_TO_32_BIT_CONVERSION = YES;
				GCC_WARN_ABOUT_RETURN_TYPE = YES_ERROR;
				GCC_WARN_UNDECLARED_SELECTOR = YES;
				GCC_WARN_UNINITIALIZED_AUTOS = YES_AGGRESSIVE;
				GCC_WARN_UNUSED_FUNCTION = YES;
				GCC_WARN_UNUSED_VARIABLE = YES;
				IPHONEOS_DEPLOYMENT_TARGET = 14.3;
				MTL_ENABLE_DEBUG_INFO = INCLUDE_SOURCE;
				MTL_FAST_MATH = YES;
				ONLY_ACTIVE_ARCH = YES;
				SDKROOT = iphoneos;
				SWIFT_ACTIVE_COMPILATION_CONDITIONS = DEBUG;
				SWIFT_OPTIMIZATION_LEVEL = "-Onone";
			};
			name = Debug;
		};
		04633C872597AC92006ACF5B /* Release */ = {
			isa = XCBuildConfiguration;
			buildSettings = {
				ALWAYS_SEARCH_USER_PATHS = NO;
				CLANG_ANALYZER_NONNULL = YES;
				CLANG_ANALYZER_NUMBER_OBJECT_CONVERSION = YES_AGGRESSIVE;
				CLANG_CXX_LANGUAGE_STANDARD = "gnu++14";
				CLANG_CXX_LIBRARY = "libc++";
				CLANG_ENABLE_MODULES = YES;
				CLANG_ENABLE_OBJC_ARC = YES;
				CLANG_ENABLE_OBJC_WEAK = YES;
				CLANG_WARN_BLOCK_CAPTURE_AUTORELEASING = YES;
				CLANG_WARN_BOOL_CONVERSION = YES;
				CLANG_WARN_COMMA = YES;
				CLANG_WARN_CONSTANT_CONVERSION = YES;
				CLANG_WARN_DEPRECATED_OBJC_IMPLEMENTATIONS = YES;
				CLANG_WARN_DIRECT_OBJC_ISA_USAGE = YES_ERROR;
				CLANG_WARN_DOCUMENTATION_COMMENTS = YES;
				CLANG_WARN_EMPTY_BODY = YES;
				CLANG_WARN_ENUM_CONVERSION = YES;
				CLANG_WARN_INFINITE_RECURSION = YES;
				CLANG_WARN_INT_CONVERSION = YES;
				CLANG_WARN_NON_LITERAL_NULL_CONVERSION = YES;
				CLANG_WARN_OBJC_IMPLICIT_RETAIN_SELF = YES;
				CLANG_WARN_OBJC_LITERAL_CONVERSION = YES;
				CLANG_WARN_OBJC_ROOT_CLASS = YES_ERROR;
				CLANG_WARN_QUOTED_INCLUDE_IN_FRAMEWORK_HEADER = YES;
				CLANG_WARN_RANGE_LOOP_ANALYSIS = YES;
				CLANG_WARN_STRICT_PROTOTYPES = YES;
				CLANG_WARN_SUSPICIOUS_MOVE = YES;
				CLANG_WARN_UNGUARDED_AVAILABILITY = YES_AGGRESSIVE;
				CLANG_WARN_UNREACHABLE_CODE = YES;
				CLANG_WARN__DUPLICATE_METHOD_MATCH = YES;
				COPY_PHASE_STRIP = NO;
				DEBUG_INFORMATION_FORMAT = "dwarf-with-dsym";
				ENABLE_NS_ASSERTIONS = NO;
				ENABLE_STRICT_OBJC_MSGSEND = YES;
				GCC_C_LANGUAGE_STANDARD = gnu11;
				GCC_NO_COMMON_BLOCKS = YES;
				GCC_WARN_64_TO_32_BIT_CONVERSION = YES;
				GCC_WARN_ABOUT_RETURN_TYPE = YES_ERROR;
				GCC_WARN_UNDECLARED_SELECTOR = YES;
				GCC_WARN_UNINITIALIZED_AUTOS = YES_AGGRESSIVE;
				GCC_WARN_UNUSED_FUNCTION = YES;
				GCC_WARN_UNUSED_VARIABLE = YES;
				IPHONEOS_DEPLOYMENT_TARGET = 14.3;
				MTL_ENABLE_DEBUG_INFO = NO;
				MTL_FAST_MATH = YES;
				SDKROOT = iphoneos;
				SWIFT_COMPILATION_MODE = wholemodule;
				SWIFT_OPTIMIZATION_LEVEL = "-O";
				VALIDATE_PRODUCT = YES;
			};
			name = Release;
		};
		04633C892597AC92006ACF5B /* Debug */ = {
			isa = XCBuildConfiguration;
			buildSettings = {
				ASSETCATALOG_COMPILER_APPICON_NAME = AppIcon;
				ASSETCATALOG_COMPILER_GLOBAL_ACCENT_COLOR_NAME = AccentColor;
				CODE_SIGN_STYLE = Automatic;
				INFOPLIST_FILE = "App Test/Info.plist";
				LD_RUNPATH_SEARCH_PATHS = (
					"$(inherited)",
					"@executable_path/Frameworks",
				);
				PRODUCT_BUNDLE_IDENTIFIER = "br.com.apptest.App-Test";
				PRODUCT_NAME = "$(TARGET_NAME)";
				SWIFT_VERSION = 5.0;
				TARGETED_DEVICE_FAMILY = "1,2";
			};
			name = Debug;
		};
		04633C8A2597AC92006ACF5B /* Release */ = {
			isa = XCBuildConfiguration;
			buildSettings = {
				ASSETCATALOG_COMPILER_APPICON_NAME = AppIcon;
				ASSETCATALOG_COMPILER_GLOBAL_ACCENT_COLOR_NAME = AccentColor;
				CODE_SIGN_STYLE = Automatic;
				INFOPLIST_FILE = "App Test/Info.plist";
				LD_RUNPATH_SEARCH_PATHS = (
					"$(inherited)",
					"@executable_path/Frameworks",
				);
				PRODUCT_BUNDLE_IDENTIFIER = "br.com.apptest.App-Test";
				PRODUCT_NAME = "$(TARGET_NAME)";
				SWIFT_VERSION = 5.0;
				TARGETED_DEVICE_FAMILY = "1,2";
			};
			name = Release;
		};
/* End XCBuildConfiguration section */

/* Begin XCConfigurationList section */
		04633C6F2597AC91006ACF5B /* Build configuration list for PBXProject "App Test" */ = {
			isa = XCConfigurationList;
			buildConfigurations = (
				04633C862597AC92006ACF5B /* Debug */,
				04633C872597AC92006ACF5B /* Release */,
			);
			defaultConfigurationIsVisible = 0;
			defaultConfigurationName = Release;
		};
		04633C882597AC92006ACF5B /* Build configuration list for PBXNativeTarget "App Test" */ = {
			isa = XCConfigurationList;
			buildConfigurations = (
				04633C892597AC92006ACF5B /* Debug */,
				04633C8A2597AC92006ACF5B /* Release */,
			);
			defaultConfigurationIsVisible = 0;
			defaultConfigurationName = Release;
		};
/* End XCConfigurationList section */
	};
	rootObject = 04633C6C2597AC91006ACF5B /* Project object */;
}
